// !$*UTF8*$!
{
	archiveVersion = 1;
	classes = {
	};
	objectVersion = 51;
	objects = {

/* Begin PBXBuildFile section */
		3085A83236F9AE31F51D6F45 /* Pods_MailTests.framework in Frameworks */ = {isa = PBXBuildFile; fileRef = 56A7949E5951292BE90848C0 /* Pods_MailTests.framework */; };
		4F1B1DD8E40E57296A86A40C /* Pods_Mail.framework in Frameworks */ = {isa = PBXBuildFile; fileRef = 4EB9DD58F89F78FD2A7A5EE8 /* Pods_Mail.framework */; };
		B5069102238DD83600DD356C /* MCTMsgViewController.mm in Sources */ = {isa = PBXBuildFile; fileRef = B5069101238DD83600DD356C /* MCTMsgViewController.mm */; };
		B5069105238DD86300DD356C /* MCOMessageView.mm in Sources */ = {isa = PBXBuildFile; fileRef = B5069104238DD86300DD356C /* MCOMessageView.mm */; };
		B5069108238DD9B700DD356C /* MCOCIDURLProtocol.mm in Sources */ = {isa = PBXBuildFile; fileRef = B5069106238DD9B700DD356C /* MCOCIDURLProtocol.mm */; };
		B506910D238DE86B00DD356C /* MailDetailsViewController.swift in Sources */ = {isa = PBXBuildFile; fileRef = B506910C238DE86B00DD356C /* MailDetailsViewController.swift */; };
		B5270376236B8E6400AD5455 /* AppDelegate.swift in Sources */ = {isa = PBXBuildFile; fileRef = B5270375236B8E6400AD5455 /* AppDelegate.swift */; };
		B5270378236B8E6400AD5455 /* SceneDelegate.swift in Sources */ = {isa = PBXBuildFile; fileRef = B5270377236B8E6400AD5455 /* SceneDelegate.swift */; };
		B527037A236B8E6400AD5455 /* MailsListViewController.swift in Sources */ = {isa = PBXBuildFile; fileRef = B5270379236B8E6400AD5455 /* MailsListViewController.swift */; };
		B5270380236B8E6400AD5455 /* Mail.xcdatamodeld in Sources */ = {isa = PBXBuildFile; fileRef = B527037E236B8E6400AD5455 /* Mail.xcdatamodeld */; };
		B5270382236B8E6500AD5455 /* Assets.xcassets in Resources */ = {isa = PBXBuildFile; fileRef = B5270381236B8E6500AD5455 /* Assets.xcassets */; };
		B5270385236B8E6500AD5455 /* LaunchScreen.storyboard in Resources */ = {isa = PBXBuildFile; fileRef = B5270383236B8E6500AD5455 /* LaunchScreen.storyboard */; };
		B5270390236B8E6600AD5455 /* MailTests.swift in Sources */ = {isa = PBXBuildFile; fileRef = B527038F236B8E6600AD5455 /* MailTests.swift */; };
		B527039B236B8E6600AD5455 /* MailUITests.swift in Sources */ = {isa = PBXBuildFile; fileRef = B527039A236B8E6600AD5455 /* MailUITests.swift */; };
		B54A75DE249FF25400C080DE /* LeftMenuViewController.swift in Sources */ = {isa = PBXBuildFile; fileRef = B54A75DD249FF25400C080DE /* LeftMenuViewController.swift */; };
		B54A75E0249FF2D100C080DE /* SideMenuViewController.swift in Sources */ = {isa = PBXBuildFile; fileRef = B54A75DF249FF2D100C080DE /* SideMenuViewController.swift */; };
		B54A75E2249FFA0100C080DE /* MapKit.framework in Frameworks */ = {isa = PBXBuildFile; fileRef = B54A75E1249FFA0100C080DE /* MapKit.framework */; };
		B56AFA12238E6AC200DAFD0F /* File.html in Resources */ = {isa = PBXBuildFile; fileRef = B56AFA11238E6AC200DAFD0F /* File.html */; };
		B57771BA23775CA8004036D6 /* SendMailViewController.swift in Sources */ = {isa = PBXBuildFile; fileRef = B57771B923775CA8004036D6 /* SendMailViewController.swift */; };
		B57771BC23775CCB004036D6 /* SendMailViewController.xib in Resources */ = {isa = PBXBuildFile; fileRef = B57771BB23775CCB004036D6 /* SendMailViewController.xib */; };
		B57771BE23776560004036D6 /* Constants.swift in Sources */ = {isa = PBXBuildFile; fileRef = B57771BD23776560004036D6 /* Constants.swift */; };
		B57771C023776809004036D6 /* DataManager.swift in Sources */ = {isa = PBXBuildFile; fileRef = B57771BF23776809004036D6 /* DataManager.swift */; };
		B57771C2237768AC004036D6 /* User.swift in Sources */ = {isa = PBXBuildFile; fileRef = B57771C1237768AC004036D6 /* User.swift */; };
		B57771C5237769A2004036D6 /* LoginViewController.swift in Sources */ = {isa = PBXBuildFile; fileRef = B57771C3237769A2004036D6 /* LoginViewController.swift */; };
		B57771C6237769A2004036D6 /* LoginViewController.xib in Resources */ = {isa = PBXBuildFile; fileRef = B57771C4237769A2004036D6 /* LoginViewController.xib */; };
		B57D4FCE236F9186005AA201 /* MailTableViewCell.swift in Sources */ = {isa = PBXBuildFile; fileRef = B57D4FCC236F9186005AA201 /* MailTableViewCell.swift */; };
		B57D4FCF236F9186005AA201 /* MailTableViewCell.xib in Resources */ = {isa = PBXBuildFile; fileRef = B57D4FCD236F9186005AA201 /* MailTableViewCell.xib */; };
		B57D4FD1236F97AB005AA201 /* UIView+Extention.swift in Sources */ = {isa = PBXBuildFile; fileRef = B57D4FD0236F97AB005AA201 /* UIView+Extention.swift */; };
		E39D3A72D328430CC7742A7D /* Pods_Mail_MailUITests.framework in Frameworks */ = {isa = PBXBuildFile; fileRef = EF51F366631DA63B3336252F /* Pods_Mail_MailUITests.framework */; };
/* End PBXBuildFile section */

/* Begin PBXContainerItemProxy section */
		B527038C236B8E6600AD5455 /* PBXContainerItemProxy */ = {
			isa = PBXContainerItemProxy;
			containerPortal = B527036A236B8E6400AD5455 /* Project object */;
			proxyType = 1;
			remoteGlobalIDString = B5270371236B8E6400AD5455;
			remoteInfo = Mail;
		};
		B5270397236B8E6600AD5455 /* PBXContainerItemProxy */ = {
			isa = PBXContainerItemProxy;
			containerPortal = B527036A236B8E6400AD5455 /* Project object */;
			proxyType = 1;
			remoteGlobalIDString = B5270371236B8E6400AD5455;
			remoteInfo = Mail;
		};
/* End PBXContainerItemProxy section */

/* Begin PBXFileReference section */
		0D5145035DAD4CB2CAD5F43C /* Pods-MailTests.debug.xcconfig */ = {isa = PBXFileReference; includeInIndex = 1; lastKnownFileType = text.xcconfig; name = "Pods-MailTests.debug.xcconfig"; path = "Target Support Files/Pods-MailTests/Pods-MailTests.debug.xcconfig"; sourceTree = "<group>"; };
		2BA8413AB65968D16429BD07 /* Pods-Mail.debug.xcconfig */ = {isa = PBXFileReference; includeInIndex = 1; lastKnownFileType = text.xcconfig; name = "Pods-Mail.debug.xcconfig"; path = "Target Support Files/Pods-Mail/Pods-Mail.debug.xcconfig"; sourceTree = "<group>"; };
		4EB9DD58F89F78FD2A7A5EE8 /* Pods_Mail.framework */ = {isa = PBXFileReference; explicitFileType = wrapper.framework; includeInIndex = 0; path = Pods_Mail.framework; sourceTree = BUILT_PRODUCTS_DIR; };
		56A7949E5951292BE90848C0 /* Pods_MailTests.framework */ = {isa = PBXFileReference; explicitFileType = wrapper.framework; includeInIndex = 0; path = Pods_MailTests.framework; sourceTree = BUILT_PRODUCTS_DIR; };
		9C83EAFE6BCD17FA481C493E /* Pods-Mail-MailUITests.release.xcconfig */ = {isa = PBXFileReference; includeInIndex = 1; lastKnownFileType = text.xcconfig; name = "Pods-Mail-MailUITests.release.xcconfig"; path = "Target Support Files/Pods-Mail-MailUITests/Pods-Mail-MailUITests.release.xcconfig"; sourceTree = "<group>"; };
		B5069100238DD83600DD356C /* MCTMsgViewController.h */ = {isa = PBXFileReference; fileEncoding = 4; lastKnownFileType = sourcecode.c.h; path = MCTMsgViewController.h; sourceTree = "<group>"; };
		B5069101238DD83600DD356C /* MCTMsgViewController.mm */ = {isa = PBXFileReference; fileEncoding = 4; lastKnownFileType = sourcecode.cpp.objcpp; path = MCTMsgViewController.mm; sourceTree = "<group>"; };
		B5069103238DD86300DD356C /* MCOMessageView.h */ = {isa = PBXFileReference; fileEncoding = 4; lastKnownFileType = sourcecode.c.h; path = MCOMessageView.h; sourceTree = "<group>"; };
		B5069104238DD86300DD356C /* MCOMessageView.mm */ = {isa = PBXFileReference; fileEncoding = 4; lastKnownFileType = sourcecode.cpp.objcpp; path = MCOMessageView.mm; sourceTree = "<group>"; };
		B5069106238DD9B700DD356C /* MCOCIDURLProtocol.mm */ = {isa = PBXFileReference; fileEncoding = 4; lastKnownFileType = sourcecode.cpp.objcpp; path = MCOCIDURLProtocol.mm; sourceTree = "<group>"; };
		B5069107238DD9B700DD356C /* MCOCIDURLProtocol.h */ = {isa = PBXFileReference; fileEncoding = 4; lastKnownFileType = sourcecode.c.h; path = MCOCIDURLProtocol.h; sourceTree = "<group>"; };
		B506910C238DE86B00DD356C /* MailDetailsViewController.swift */ = {isa = PBXFileReference; fileEncoding = 4; lastKnownFileType = sourcecode.swift; path = MailDetailsViewController.swift; sourceTree = "<group>"; };
		B5270372236B8E6400AD5455 /* Mail.app */ = {isa = PBXFileReference; explicitFileType = wrapper.application; includeInIndex = 0; path = Mail.app; sourceTree = BUILT_PRODUCTS_DIR; };
		B5270375236B8E6400AD5455 /* AppDelegate.swift */ = {isa = PBXFileReference; lastKnownFileType = sourcecode.swift; path = AppDelegate.swift; sourceTree = "<group>"; };
		B5270377236B8E6400AD5455 /* SceneDelegate.swift */ = {isa = PBXFileReference; lastKnownFileType = sourcecode.swift; path = SceneDelegate.swift; sourceTree = "<group>"; };
		B5270379236B8E6400AD5455 /* MailsListViewController.swift */ = {isa = PBXFileReference; lastKnownFileType = sourcecode.swift; path = MailsListViewController.swift; sourceTree = "<group>"; };
		B527037F236B8E6400AD5455 /* Mail.xcdatamodel */ = {isa = PBXFileReference; lastKnownFileType = wrapper.xcdatamodel; path = Mail.xcdatamodel; sourceTree = "<group>"; };
		B5270381236B8E6500AD5455 /* Assets.xcassets */ = {isa = PBXFileReference; lastKnownFileType = folder.assetcatalog; path = Assets.xcassets; sourceTree = "<group>"; };
		B5270384236B8E6500AD5455 /* Base */ = {isa = PBXFileReference; lastKnownFileType = file.storyboard; name = Base; path = Base.lproj/LaunchScreen.storyboard; sourceTree = "<group>"; };
		B5270386236B8E6500AD5455 /* Info.plist */ = {isa = PBXFileReference; lastKnownFileType = text.plist.xml; path = Info.plist; sourceTree = "<group>"; };
		B527038B236B8E6600AD5455 /* MailTests.xctest */ = {isa = PBXFileReference; explicitFileType = wrapper.cfbundle; includeInIndex = 0; path = MailTests.xctest; sourceTree = BUILT_PRODUCTS_DIR; };
		B527038F236B8E6600AD5455 /* MailTests.swift */ = {isa = PBXFileReference; lastKnownFileType = sourcecode.swift; path = MailTests.swift; sourceTree = "<group>"; };
		B5270391236B8E6600AD5455 /* Info.plist */ = {isa = PBXFileReference; lastKnownFileType = text.plist.xml; path = Info.plist; sourceTree = "<group>"; };
		B5270396236B8E6600AD5455 /* MailUITests.xctest */ = {isa = PBXFileReference; explicitFileType = wrapper.cfbundle; includeInIndex = 0; path = MailUITests.xctest; sourceTree = BUILT_PRODUCTS_DIR; };
		B527039A236B8E6600AD5455 /* MailUITests.swift */ = {isa = PBXFileReference; lastKnownFileType = sourcecode.swift; path = MailUITests.swift; sourceTree = "<group>"; };
		B527039C236B8E6600AD5455 /* Info.plist */ = {isa = PBXFileReference; lastKnownFileType = text.plist.xml; path = Info.plist; sourceTree = "<group>"; };
		B52D6AA7236B9B7D001CBAE4 /* Mail-Bridging-Header.h */ = {isa = PBXFileReference; lastKnownFileType = sourcecode.c.h; path = "Mail-Bridging-Header.h"; sourceTree = "<group>"; };
		B54A75DD249FF25400C080DE /* LeftMenuViewController.swift */ = {isa = PBXFileReference; lastKnownFileType = sourcecode.swift; path = LeftMenuViewController.swift; sourceTree = "<group>"; };
		B54A75DF249FF2D100C080DE /* SideMenuViewController.swift */ = {isa = PBXFileReference; lastKnownFileType = sourcecode.swift; path = SideMenuViewController.swift; sourceTree = "<group>"; };
		B54A75E1249FFA0100C080DE /* MapKit.framework */ = {isa = PBXFileReference; lastKnownFileType = wrapper.framework; name = MapKit.framework; path = System/Library/Frameworks/MapKit.framework; sourceTree = SDKROOT; };
		B56AFA11238E6AC200DAFD0F /* File.html */ = {isa = PBXFileReference; fileEncoding = 4; lastKnownFileType = text.html; path = File.html; sourceTree = "<group>"; };
		B57771B923775CA8004036D6 /* SendMailViewController.swift */ = {isa = PBXFileReference; lastKnownFileType = sourcecode.swift; path = SendMailViewController.swift; sourceTree = "<group>"; };
		B57771BB23775CCB004036D6 /* SendMailViewController.xib */ = {isa = PBXFileReference; lastKnownFileType = file.xib; path = SendMailViewController.xib; sourceTree = "<group>"; };
		B57771BD23776560004036D6 /* Constants.swift */ = {isa = PBXFileReference; lastKnownFileType = sourcecode.swift; path = Constants.swift; sourceTree = "<group>"; };
		B57771BF23776809004036D6 /* DataManager.swift */ = {isa = PBXFileReference; lastKnownFileType = sourcecode.swift; path = DataManager.swift; sourceTree = "<group>"; };
		B57771C1237768AC004036D6 /* User.swift */ = {isa = PBXFileReference; lastKnownFileType = sourcecode.swift; path = User.swift; sourceTree = "<group>"; };
		B57771C3237769A2004036D6 /* LoginViewController.swift */ = {isa = PBXFileReference; lastKnownFileType = sourcecode.swift; path = LoginViewController.swift; sourceTree = "<group>"; };
		B57771C4237769A2004036D6 /* LoginViewController.xib */ = {isa = PBXFileReference; lastKnownFileType = file.xib; path = LoginViewController.xib; sourceTree = "<group>"; };
		B57D4FCC236F9186005AA201 /* MailTableViewCell.swift */ = {isa = PBXFileReference; lastKnownFileType = sourcecode.swift; path = MailTableViewCell.swift; sourceTree = "<group>"; };
		B57D4FCD236F9186005AA201 /* MailTableViewCell.xib */ = {isa = PBXFileReference; lastKnownFileType = file.xib; path = MailTableViewCell.xib; sourceTree = "<group>"; };
		B57D4FD0236F97AB005AA201 /* UIView+Extention.swift */ = {isa = PBXFileReference; lastKnownFileType = sourcecode.swift; path = "UIView+Extention.swift"; sourceTree = "<group>"; };
		C7322D76A86771DFB3CE8D0A /* Pods-MailTests.release.xcconfig */ = {isa = PBXFileReference; includeInIndex = 1; lastKnownFileType = text.xcconfig; name = "Pods-MailTests.release.xcconfig"; path = "Target Support Files/Pods-MailTests/Pods-MailTests.release.xcconfig"; sourceTree = "<group>"; };
		D12CEFC789673E6A38E5431C /* Pods-Mail.release.xcconfig */ = {isa = PBXFileReference; includeInIndex = 1; lastKnownFileType = text.xcconfig; name = "Pods-Mail.release.xcconfig"; path = "Target Support Files/Pods-Mail/Pods-Mail.release.xcconfig"; sourceTree = "<group>"; };
		EF51F366631DA63B3336252F /* Pods_Mail_MailUITests.framework */ = {isa = PBXFileReference; explicitFileType = wrapper.framework; includeInIndex = 0; path = Pods_Mail_MailUITests.framework; sourceTree = BUILT_PRODUCTS_DIR; };
		FF218A711D9B36C57E5BFF7D /* Pods-Mail-MailUITests.debug.xcconfig */ = {isa = PBXFileReference; includeInIndex = 1; lastKnownFileType = text.xcconfig; name = "Pods-Mail-MailUITests.debug.xcconfig"; path = "Target Support Files/Pods-Mail-MailUITests/Pods-Mail-MailUITests.debug.xcconfig"; sourceTree = "<group>"; };
/* End PBXFileReference section */

/* Begin PBXFrameworksBuildPhase section */
		B527036F236B8E6400AD5455 /* Frameworks */ = {
			isa = PBXFrameworksBuildPhase;
			buildActionMask = 2147483647;
			files = (
				B54A75E2249FFA0100C080DE /* MapKit.framework in Frameworks */,
				4F1B1DD8E40E57296A86A40C /* Pods_Mail.framework in Frameworks */,
			);
			runOnlyForDeploymentPostprocessing = 0;
		};
		B5270388236B8E6600AD5455 /* Frameworks */ = {
			isa = PBXFrameworksBuildPhase;
			buildActionMask = 2147483647;
			files = (
				3085A83236F9AE31F51D6F45 /* Pods_MailTests.framework in Frameworks */,
			);
			runOnlyForDeploymentPostprocessing = 0;
		};
		B5270393236B8E6600AD5455 /* Frameworks */ = {
			isa = PBXFrameworksBuildPhase;
			buildActionMask = 2147483647;
			files = (
				E39D3A72D328430CC7742A7D /* Pods_Mail_MailUITests.framework in Frameworks */,
			);
			runOnlyForDeploymentPostprocessing = 0;
		};
/* End PBXFrameworksBuildPhase section */

/* Begin PBXGroup section */
		9607F7EAA7D5941417B03243 /* Frameworks */ = {
			isa = PBXGroup;
			children = (
				B54A75E1249FFA0100C080DE /* MapKit.framework */,
				4EB9DD58F89F78FD2A7A5EE8 /* Pods_Mail.framework */,
				EF51F366631DA63B3336252F /* Pods_Mail_MailUITests.framework */,
				56A7949E5951292BE90848C0 /* Pods_MailTests.framework */,
			);
			name = Frameworks;
			sourceTree = "<group>";
		};
		B5270369236B8E6400AD5455 = {
			isa = PBXGroup;
			children = (
				B5270374236B8E6400AD5455 /* Mail */,
				B527038E236B8E6600AD5455 /* MailTests */,
				B5270399236B8E6600AD5455 /* MailUITests */,
				B5270373236B8E6400AD5455 /* Products */,
				EB9BCF3357BC9CC748F5FFA8 /* Pods */,
				9607F7EAA7D5941417B03243 /* Frameworks */,
			);
			sourceTree = "<group>";
		};
		B5270373236B8E6400AD5455 /* Products */ = {
			isa = PBXGroup;
			children = (
				B5270372236B8E6400AD5455 /* Mail.app */,
				B527038B236B8E6600AD5455 /* MailTests.xctest */,
				B5270396236B8E6600AD5455 /* MailUITests.xctest */,
			);
			name = Products;
			sourceTree = "<group>";
		};
		B5270374236B8E6400AD5455 /* Mail */ = {
			isa = PBXGroup;
			children = (
				B54A75DF249FF2D100C080DE /* SideMenuViewController.swift */,
				B54A75DC249FF22F00C080DE /* Menu */,
				B52D2D8D23D64CD5003BAE4E /* Create */,
				B52D2D8723D64B5F003BAE4E /* Mails */,
				B52D2D8A23D64BF0003BAE4E /* Details */,
				B5069100238DD83600DD356C /* MCTMsgViewController.h */,
				B5069101238DD83600DD356C /* MCTMsgViewController.mm */,
				B5069103238DD86300DD356C /* MCOMessageView.h */,
				B5069104238DD86300DD356C /* MCOMessageView.mm */,
				B5069107238DD9B700DD356C /* MCOCIDURLProtocol.h */,
				B5069106238DD9B700DD356C /* MCOCIDURLProtocol.mm */,
				B5270375236B8E6400AD5455 /* AppDelegate.swift */,
				B5270377236B8E6400AD5455 /* SceneDelegate.swift */,
				B5270381236B8E6500AD5455 /* Assets.xcassets */,
				B5270383236B8E6500AD5455 /* LaunchScreen.storyboard */,
				B5270386236B8E6500AD5455 /* Info.plist */,
				B527037E236B8E6400AD5455 /* Mail.xcdatamodeld */,
				B52D6AA7236B9B7D001CBAE4 /* Mail-Bridging-Header.h */,
				B57D4FD0236F97AB005AA201 /* UIView+Extention.swift */,
				B57771BD23776560004036D6 /* Constants.swift */,
				B57771BF23776809004036D6 /* DataManager.swift */,
				B57771C1237768AC004036D6 /* User.swift */,
				B57771C3237769A2004036D6 /* LoginViewController.swift */,
				B57771C4237769A2004036D6 /* LoginViewController.xib */,
				B56AFA11238E6AC200DAFD0F /* File.html */,
			);
			path = Mail;
			sourceTree = "<group>";
		};
		B527038E236B8E6600AD5455 /* MailTests */ = {
			isa = PBXGroup;
			children = (
				B527038F236B8E6600AD5455 /* MailTests.swift */,
				B5270391236B8E6600AD5455 /* Info.plist */,
			);
			path = MailTests;
			sourceTree = "<group>";
		};
		B5270399236B8E6600AD5455 /* MailUITests */ = {
			isa = PBXGroup;
			children = (
				B527039A236B8E6600AD5455 /* MailUITests.swift */,
				B527039C236B8E6600AD5455 /* Info.plist */,
			);
			path = MailUITests;
			sourceTree = "<group>";
		};
		B52D2D8723D64B5F003BAE4E /* Mails */ = {
			isa = PBXGroup;
			children = (
				B52D2D8923D64BAE003BAE4E /* View */,
				B52D2D8823D64B9F003BAE4E /* Controller */,
			);
			path = Mails;
			sourceTree = "<group>";
		};
		B52D2D8823D64B9F003BAE4E /* Controller */ = {
			isa = PBXGroup;
			children = (
				B5270379236B8E6400AD5455 /* MailsListViewController.swift */,
			);
			path = Controller;
			sourceTree = "<group>";
		};
		B52D2D8923D64BAE003BAE4E /* View */ = {
			isa = PBXGroup;
			children = (
				B57D4FCC236F9186005AA201 /* MailTableViewCell.swift */,
				B57D4FCD236F9186005AA201 /* MailTableViewCell.xib */,
			);
			path = View;
			sourceTree = "<group>";
		};
		B52D2D8A23D64BF0003BAE4E /* Details */ = {
			isa = PBXGroup;
			children = (
				B52D2D8C23D64C04003BAE4E /* Controller */,
				B52D2D8B23D64BFD003BAE4E /* View */,
			);
			path = Details;
			sourceTree = "<group>";
		};
		B52D2D8B23D64BFD003BAE4E /* View */ = {
			isa = PBXGroup;
			children = (
			);
			path = View;
			sourceTree = "<group>";
		};
		B52D2D8C23D64C04003BAE4E /* Controller */ = {
			isa = PBXGroup;
			children = (
				B506910C238DE86B00DD356C /* MailDetailsViewController.swift */,
			);
			path = Controller;
			sourceTree = "<group>";
		};
		B52D2D8D23D64CD5003BAE4E /* Create */ = {
			isa = PBXGroup;
			children = (
				B52D2D8F23D64CE3003BAE4E /* View */,
				B52D2D8E23D64CDD003BAE4E /* Controller */,
			);
			path = Create;
			sourceTree = "<group>";
		};
		B52D2D8E23D64CDD003BAE4E /* Controller */ = {
			isa = PBXGroup;
			children = (
				B57771B923775CA8004036D6 /* SendMailViewController.swift */,
				B57771BB23775CCB004036D6 /* SendMailViewController.xib */,
			);
			path = Controller;
			sourceTree = "<group>";
		};
		B52D2D8F23D64CE3003BAE4E /* View */ = {
			isa = PBXGroup;
			children = (
			);
			path = View;
			sourceTree = "<group>";
		};
		B54A75DC249FF22F00C080DE /* Menu */ = {
			isa = PBXGroup;
			children = (
				B54A75DD249FF25400C080DE /* LeftMenuViewController.swift */,
			);
			path = Menu;
			sourceTree = "<group>";
		};
		EB9BCF3357BC9CC748F5FFA8 /* Pods */ = {
			isa = PBXGroup;
			children = (
				2BA8413AB65968D16429BD07 /* Pods-Mail.debug.xcconfig */,
				D12CEFC789673E6A38E5431C /* Pods-Mail.release.xcconfig */,
				FF218A711D9B36C57E5BFF7D /* Pods-Mail-MailUITests.debug.xcconfig */,
				9C83EAFE6BCD17FA481C493E /* Pods-Mail-MailUITests.release.xcconfig */,
				0D5145035DAD4CB2CAD5F43C /* Pods-MailTests.debug.xcconfig */,
				C7322D76A86771DFB3CE8D0A /* Pods-MailTests.release.xcconfig */,
			);
			path = Pods;
			sourceTree = "<group>";
		};
/* End PBXGroup section */

/* Begin PBXNativeTarget section */
		B5270371236B8E6400AD5455 /* Mail */ = {
			isa = PBXNativeTarget;
			buildConfigurationList = B527039F236B8E6600AD5455 /* Build configuration list for PBXNativeTarget "Mail" */;
			buildPhases = (
				0DA0A1B56B0855DC81A8A63D /* [CP] Check Pods Manifest.lock */,
				B527036E236B8E6400AD5455 /* Sources */,
				B527036F236B8E6400AD5455 /* Frameworks */,
				B5270370236B8E6400AD5455 /* Resources */,
				374095A7E9734E3A934F424F /* [CP] Embed Pods Frameworks */,
			);
			buildRules = (
			);
			dependencies = (
			);
			name = Mail;
			productName = Mail;
			productReference = B5270372236B8E6400AD5455 /* Mail.app */;
			productType = "com.apple.product-type.application";
		};
		B527038A236B8E6600AD5455 /* MailTests */ = {
			isa = PBXNativeTarget;
			buildConfigurationList = B52703A2236B8E6600AD5455 /* Build configuration list for PBXNativeTarget "MailTests" */;
			buildPhases = (
				DE7BC7E709A57B2857F42134 /* [CP] Check Pods Manifest.lock */,
				B5270387236B8E6600AD5455 /* Sources */,
				B5270388236B8E6600AD5455 /* Frameworks */,
				B5270389236B8E6600AD5455 /* Resources */,
			);
			buildRules = (
			);
			dependencies = (
				B527038D236B8E6600AD5455 /* PBXTargetDependency */,
			);
			name = MailTests;
			productName = MailTests;
			productReference = B527038B236B8E6600AD5455 /* MailTests.xctest */;
			productType = "com.apple.product-type.bundle.unit-test";
		};
		B5270395236B8E6600AD5455 /* MailUITests */ = {
			isa = PBXNativeTarget;
			buildConfigurationList = B52703A5236B8E6600AD5455 /* Build configuration list for PBXNativeTarget "MailUITests" */;
			buildPhases = (
				4424CA49A540C97F642258A3 /* [CP] Check Pods Manifest.lock */,
				B5270392236B8E6600AD5455 /* Sources */,
				B5270393236B8E6600AD5455 /* Frameworks */,
				B5270394236B8E6600AD5455 /* Resources */,
				714F07E7C4C8F27D9DB58144 /* [CP] Embed Pods Frameworks */,
			);
			buildRules = (
			);
			dependencies = (
				B5270398236B8E6600AD5455 /* PBXTargetDependency */,
			);
			name = MailUITests;
			productName = MailUITests;
			productReference = B5270396236B8E6600AD5455 /* MailUITests.xctest */;
			productType = "com.apple.product-type.bundle.ui-testing";
		};
/* End PBXNativeTarget section */

/* Begin PBXProject section */
		B527036A236B8E6400AD5455 /* Project object */ = {
			isa = PBXProject;
			attributes = {
				LastSwiftUpdateCheck = 1110;
				LastUpgradeCheck = 1110;
				ORGANIZATIONNAME = AK;
				TargetAttributes = {
					B5270371236B8E6400AD5455 = {
						CreatedOnToolsVersion = 11.1;
					};
					B527038A236B8E6600AD5455 = {
						CreatedOnToolsVersion = 11.1;
						TestTargetID = B5270371236B8E6400AD5455;
					};
					B5270395236B8E6600AD5455 = {
						CreatedOnToolsVersion = 11.1;
						TestTargetID = B5270371236B8E6400AD5455;
					};
				};
			};
			buildConfigurationList = B527036D236B8E6400AD5455 /* Build configuration list for PBXProject "Mail" */;
			compatibilityVersion = "Xcode 9.3";
			developmentRegion = en;
			hasScannedForEncodings = 0;
			knownRegions = (
				en,
				Base,
			);
			mainGroup = B5270369236B8E6400AD5455;
			productRefGroup = B5270373236B8E6400AD5455 /* Products */;
			projectDirPath = "";
			projectRoot = "";
			targets = (
				B5270371236B8E6400AD5455 /* Mail */,
				B527038A236B8E6600AD5455 /* MailTests */,
				B5270395236B8E6600AD5455 /* MailUITests */,
			);
		};
/* End PBXProject section */

/* Begin PBXResourcesBuildPhase section */
		B5270370236B8E6400AD5455 /* Resources */ = {
			isa = PBXResourcesBuildPhase;
			buildActionMask = 2147483647;
			files = (
				B57771C6237769A2004036D6 /* LoginViewController.xib in Resources */,
				B5270385236B8E6500AD5455 /* LaunchScreen.storyboard in Resources */,
				B57D4FCF236F9186005AA201 /* MailTableViewCell.xib in Resources */,
				B5270382236B8E6500AD5455 /* Assets.xcassets in Resources */,
				B56AFA12238E6AC200DAFD0F /* File.html in Resources */,
				B57771BC23775CCB004036D6 /* SendMailViewController.xib in Resources */,
			);
			runOnlyForDeploymentPostprocessing = 0;
		};
		B5270389236B8E6600AD5455 /* Resources */ = {
			isa = PBXResourcesBuildPhase;
			buildActionMask = 2147483647;
			files = (
			);
			runOnlyForDeploymentPostprocessing = 0;
		};
		B5270394236B8E6600AD5455 /* Resources */ = {
			isa = PBXResourcesBuildPhase;
			buildActionMask = 2147483647;
			files = (
			);
			runOnlyForDeploymentPostprocessing = 0;
		};
/* End PBXResourcesBuildPhase section */

/* Begin PBXShellScriptBuildPhase section */
		0DA0A1B56B0855DC81A8A63D /* [CP] Check Pods Manifest.lock */ = {
			isa = PBXShellScriptBuildPhase;
			buildActionMask = 2147483647;
			files = (
			);
			inputFileListPaths = (
			);
			inputPaths = (
				"${PODS_PODFILE_DIR_PATH}/Podfile.lock",
				"${PODS_ROOT}/Manifest.lock",
			);
			name = "[CP] Check Pods Manifest.lock";
			outputFileListPaths = (
			);
			outputPaths = (
				"$(DERIVED_FILE_DIR)/Pods-Mail-checkManifestLockResult.txt",
			);
			runOnlyForDeploymentPostprocessing = 0;
			shellPath = /bin/sh;
			shellScript = "diff \"${PODS_PODFILE_DIR_PATH}/Podfile.lock\" \"${PODS_ROOT}/Manifest.lock\" > /dev/null\nif [ $? != 0 ] ; then\n    # print error to STDERR\n    echo \"error: The sandbox is not in sync with the Podfile.lock. Run 'pod install' or update your CocoaPods installation.\" >&2\n    exit 1\nfi\n# This output is used by Xcode 'outputs' to avoid re-running this script phase.\necho \"SUCCESS\" > \"${SCRIPT_OUTPUT_FILE_0}\"\n";
			showEnvVarsInLog = 0;
		};
		374095A7E9734E3A934F424F /* [CP] Embed Pods Frameworks */ = {
			isa = PBXShellScriptBuildPhase;
			buildActionMask = 2147483647;
			files = (
			);
			inputFileListPaths = (
				"${PODS_ROOT}/Target Support Files/Pods-Mail/Pods-Mail-frameworks-${CONFIGURATION}-input-files.xcfilelist",
			);
			name = "[CP] Embed Pods Frameworks";
			outputFileListPaths = (
				"${PODS_ROOT}/Target Support Files/Pods-Mail/Pods-Mail-frameworks-${CONFIGURATION}-output-files.xcfilelist",
			);
			runOnlyForDeploymentPostprocessing = 0;
			shellPath = /bin/sh;
			shellScript = "\"${PODS_ROOT}/Target Support Files/Pods-Mail/Pods-Mail-frameworks.sh\"\n";
			showEnvVarsInLog = 0;
		};
		4424CA49A540C97F642258A3 /* [CP] Check Pods Manifest.lock */ = {
			isa = PBXShellScriptBuildPhase;
			buildActionMask = 2147483647;
			files = (
			);
			inputFileListPaths = (
			);
			inputPaths = (
				"${PODS_PODFILE_DIR_PATH}/Podfile.lock",
				"${PODS_ROOT}/Manifest.lock",
			);
			name = "[CP] Check Pods Manifest.lock";
			outputFileListPaths = (
			);
			outputPaths = (
				"$(DERIVED_FILE_DIR)/Pods-Mail-MailUITests-checkManifestLockResult.txt",
			);
			runOnlyForDeploymentPostprocessing = 0;
			shellPath = /bin/sh;
			shellScript = "diff \"${PODS_PODFILE_DIR_PATH}/Podfile.lock\" \"${PODS_ROOT}/Manifest.lock\" > /dev/null\nif [ $? != 0 ] ; then\n    # print error to STDERR\n    echo \"error: The sandbox is not in sync with the Podfile.lock. Run 'pod install' or update your CocoaPods installation.\" >&2\n    exit 1\nfi\n# This output is used by Xcode 'outputs' to avoid re-running this script phase.\necho \"SUCCESS\" > \"${SCRIPT_OUTPUT_FILE_0}\"\n";
			showEnvVarsInLog = 0;
		};
		714F07E7C4C8F27D9DB58144 /* [CP] Embed Pods Frameworks */ = {
			isa = PBXShellScriptBuildPhase;
			buildActionMask = 2147483647;
			files = (
			);
			inputFileListPaths = (
				"${PODS_ROOT}/Target Support Files/Pods-Mail-MailUITests/Pods-Mail-MailUITests-frameworks-${CONFIGURATION}-input-files.xcfilelist",
			);
			name = "[CP] Embed Pods Frameworks";
			outputFileListPaths = (
				"${PODS_ROOT}/Target Support Files/Pods-Mail-MailUITests/Pods-Mail-MailUITests-frameworks-${CONFIGURATION}-output-files.xcfilelist",
			);
			runOnlyForDeploymentPostprocessing = 0;
			shellPath = /bin/sh;
			shellScript = "\"${PODS_ROOT}/Target Support Files/Pods-Mail-MailUITests/Pods-Mail-MailUITests-frameworks.sh\"\n";
			showEnvVarsInLog = 0;
		};
		DE7BC7E709A57B2857F42134 /* [CP] Check Pods Manifest.lock */ = {
			isa = PBXShellScriptBuildPhase;
			buildActionMask = 2147483647;
			files = (
			);
			inputFileListPaths = (
			);
			inputPaths = (
				"${PODS_PODFILE_DIR_PATH}/Podfile.lock",
				"${PODS_ROOT}/Manifest.lock",
			);
			name = "[CP] Check Pods Manifest.lock";
			outputFileListPaths = (
			);
			outputPaths = (
				"$(DERIVED_FILE_DIR)/Pods-MailTests-checkManifestLockResult.txt",
			);
			runOnlyForDeploymentPostprocessing = 0;
			shellPath = /bin/sh;
			shellScript = "diff \"${PODS_PODFILE_DIR_PATH}/Podfile.lock\" \"${PODS_ROOT}/Manifest.lock\" > /dev/null\nif [ $? != 0 ] ; then\n    # print error to STDERR\n    echo \"error: The sandbox is not in sync with the Podfile.lock. Run 'pod install' or update your CocoaPods installation.\" >&2\n    exit 1\nfi\n# This output is used by Xcode 'outputs' to avoid re-running this script phase.\necho \"SUCCESS\" > \"${SCRIPT_OUTPUT_FILE_0}\"\n";
			showEnvVarsInLog = 0;
		};
/* End PBXShellScriptBuildPhase section */

/* Begin PBXSourcesBuildPhase section */
		B527036E236B8E6400AD5455 /* Sources */ = {
			isa = PBXSourcesBuildPhase;
			buildActionMask = 2147483647;
			files = (
				B57771C5237769A2004036D6 /* LoginViewController.swift in Sources */,
				B5270380236B8E6400AD5455 /* Mail.xcdatamodeld in Sources */,
				B57771C023776809004036D6 /* DataManager.swift in Sources */,
				B527037A236B8E6400AD5455 /* MailsListViewController.swift in Sources */,
				B57D4FCE236F9186005AA201 /* MailTableViewCell.swift in Sources */,
				B57771BA23775CA8004036D6 /* SendMailViewController.swift in Sources */,
				B54A75DE249FF25400C080DE /* LeftMenuViewController.swift in Sources */,
				B5069102238DD83600DD356C /* MCTMsgViewController.mm in Sources */,
				B5270376236B8E6400AD5455 /* AppDelegate.swift in Sources */,
				B5069105238DD86300DD356C /* MCOMessageView.mm in Sources */,
				B54A75E0249FF2D100C080DE /* SideMenuViewController.swift in Sources */,
				B5270378236B8E6400AD5455 /* SceneDelegate.swift in Sources */,
				B57D4FD1236F97AB005AA201 /* UIView+Extention.swift in Sources */,
				B5069108238DD9B700DD356C /* MCOCIDURLProtocol.mm in Sources */,
				B57771BE23776560004036D6 /* Constants.swift in Sources */,
				B57771C2237768AC004036D6 /* User.swift in Sources */,
				B506910D238DE86B00DD356C /* MailDetailsViewController.swift in Sources */,
			);
			runOnlyForDeploymentPostprocessing = 0;
		};
		B5270387236B8E6600AD5455 /* Sources */ = {
			isa = PBXSourcesBuildPhase;
			buildActionMask = 2147483647;
			files = (
				B5270390236B8E6600AD5455 /* MailTests.swift in Sources */,
			);
			runOnlyForDeploymentPostprocessing = 0;
		};
		B5270392236B8E6600AD5455 /* Sources */ = {
			isa = PBXSourcesBuildPhase;
			buildActionMask = 2147483647;
			files = (
				B527039B236B8E6600AD5455 /* MailUITests.swift in Sources */,
			);
			runOnlyForDeploymentPostprocessing = 0;
		};
/* End PBXSourcesBuildPhase section */

/* Begin PBXTargetDependency section */
		B527038D236B8E6600AD5455 /* PBXTargetDependency */ = {
			isa = PBXTargetDependency;
			target = B5270371236B8E6400AD5455 /* Mail */;
			targetProxy = B527038C236B8E6600AD5455 /* PBXContainerItemProxy */;
		};
		B5270398236B8E6600AD5455 /* PBXTargetDependency */ = {
			isa = PBXTargetDependency;
			target = B5270371236B8E6400AD5455 /* Mail */;
			targetProxy = B5270397236B8E6600AD5455 /* PBXContainerItemProxy */;
		};
/* End PBXTargetDependency section */

/* Begin PBXVariantGroup section */
		B5270383236B8E6500AD5455 /* LaunchScreen.storyboard */ = {
			isa = PBXVariantGroup;
			children = (
				B5270384236B8E6500AD5455 /* Base */,
			);
			name = LaunchScreen.storyboard;
			sourceTree = "<group>";
		};
/* End PBXVariantGroup section */

/* Begin XCBuildConfiguration section */
		B527039D236B8E6600AD5455 /* Debug */ = {
			isa = XCBuildConfiguration;
			buildSettings = {
				ALWAYS_SEARCH_USER_PATHS = NO;
				CLANG_ANALYZER_NONNULL = YES;
				CLANG_ANALYZER_NUMBER_OBJECT_CONVERSION = YES_AGGRESSIVE;
				CLANG_CXX_LANGUAGE_STANDARD = "gnu++14";
				CLANG_CXX_LIBRARY = "libc++";
				CLANG_ENABLE_MODULES = YES;
				CLANG_ENABLE_OBJC_ARC = YES;
				CLANG_ENABLE_OBJC_WEAK = YES;
				CLANG_WARN_BLOCK_CAPTURE_AUTORELEASING = YES;
				CLANG_WARN_BOOL_CONVERSION = YES;
				CLANG_WARN_COMMA = YES;
				CLANG_WARN_CONSTANT_CONVERSION = YES;
				CLANG_WARN_DEPRECATED_OBJC_IMPLEMENTATIONS = YES;
				CLANG_WARN_DIRECT_OBJC_ISA_USAGE = YES_ERROR;
				CLANG_WARN_DOCUMENTATION_COMMENTS = YES;
				CLANG_WARN_EMPTY_BODY = YES;
				CLANG_WARN_ENUM_CONVERSION = YES;
				CLANG_WARN_INFINITE_RECURSION = YES;
				CLANG_WARN_INT_CONVERSION = YES;
				CLANG_WARN_NON_LITERAL_NULL_CONVERSION = YES;
				CLANG_WARN_OBJC_IMPLICIT_RETAIN_SELF = YES;
				CLANG_WARN_OBJC_LITERAL_CONVERSION = YES;
				CLANG_WARN_OBJC_ROOT_CLASS = YES_ERROR;
				CLANG_WARN_RANGE_LOOP_ANALYSIS = YES;
				CLANG_WARN_STRICT_PROTOTYPES = YES;
				CLANG_WARN_SUSPICIOUS_MOVE = YES;
				CLANG_WARN_UNGUARDED_AVAILABILITY = YES_AGGRESSIVE;
				CLANG_WARN_UNREACHABLE_CODE = YES;
				CLANG_WARN__DUPLICATE_METHOD_MATCH = YES;
				COPY_PHASE_STRIP = NO;
				DEBUG_INFORMATION_FORMAT = dwarf;
				ENABLE_STRICT_OBJC_MSGSEND = YES;
				ENABLE_TESTABILITY = YES;
				GCC_C_LANGUAGE_STANDARD = gnu11;
				GCC_DYNAMIC_NO_PIC = NO;
				GCC_NO_COMMON_BLOCKS = YES;
				GCC_OPTIMIZATION_LEVEL = 0;
				GCC_PREPROCESSOR_DEFINITIONS = (
					"DEBUG=1",
					"$(inherited)",
				);
				GCC_WARN_64_TO_32_BIT_CONVERSION = YES;
				GCC_WARN_ABOUT_RETURN_TYPE = YES_ERROR;
				GCC_WARN_UNDECLARED_SELECTOR = YES;
				GCC_WARN_UNINITIALIZED_AUTOS = YES_AGGRESSIVE;
				GCC_WARN_UNUSED_FUNCTION = YES;
				GCC_WARN_UNUSED_VARIABLE = YES;
				IPHONEOS_DEPLOYMENT_TARGET = 13.1;
				MTL_ENABLE_DEBUG_INFO = INCLUDE_SOURCE;
				MTL_FAST_MATH = YES;
				ONLY_ACTIVE_ARCH = YES;
				SDKROOT = iphoneos;
				SWIFT_ACTIVE_COMPILATION_CONDITIONS = DEBUG;
				SWIFT_OPTIMIZATION_LEVEL = "-Onone";
			};
			name = Debug;
		};
		B527039E236B8E6600AD5455 /* Release */ = {
			isa = XCBuildConfiguration;
			buildSettings = {
				ALWAYS_SEARCH_USER_PATHS = NO;
				CLANG_ANALYZER_NONNULL = YES;
				CLANG_ANALYZER_NUMBER_OBJECT_CONVERSION = YES_AGGRESSIVE;
				CLANG_CXX_LANGUAGE_STANDARD = "gnu++14";
				CLANG_CXX_LIBRARY = "libc++";
				CLANG_ENABLE_MODULES = YES;
				CLANG_ENABLE_OBJC_ARC = YES;
				CLANG_ENABLE_OBJC_WEAK = YES;
				CLANG_WARN_BLOCK_CAPTURE_AUTORELEASING = YES;
				CLANG_WARN_BOOL_CONVERSION = YES;
				CLANG_WARN_COMMA = YES;
				CLANG_WARN_CONSTANT_CONVERSION = YES;
				CLANG_WARN_DEPRECATED_OBJC_IMPLEMENTATIONS = YES;
				CLANG_WARN_DIRECT_OBJC_ISA_USAGE = YES_ERROR;
				CLANG_WARN_DOCUMENTATION_COMMENTS = YES;
				CLANG_WARN_EMPTY_BODY = YES;
				CLANG_WARN_ENUM_CONVERSION = YES;
				CLANG_WARN_INFINITE_RECURSION = YES;
				CLANG_WARN_INT_CONVERSION = YES;
				CLANG_WARN_NON_LITERAL_NULL_CONVERSION = YES;
				CLANG_WARN_OBJC_IMPLICIT_RETAIN_SELF = YES;
				CLANG_WARN_OBJC_LITERAL_CONVERSION = YES;
				CLANG_WARN_OBJC_ROOT_CLASS = YES_ERROR;
				CLANG_WARN_RANGE_LOOP_ANALYSIS = YES;
				CLANG_WARN_STRICT_PROTOTYPES = YES;
				CLANG_WARN_SUSPICIOUS_MOVE = YES;
				CLANG_WARN_UNGUARDED_AVAILABILITY = YES_AGGRESSIVE;
				CLANG_WARN_UNREACHABLE_CODE = YES;
				CLANG_WARN__DUPLICATE_METHOD_MATCH = YES;
				COPY_PHASE_STRIP = NO;
				DEBUG_INFORMATION_FORMAT = "dwarf-with-dsym";
				ENABLE_NS_ASSERTIONS = NO;
				ENABLE_STRICT_OBJC_MSGSEND = YES;
				GCC_C_LANGUAGE_STANDARD = gnu11;
				GCC_NO_COMMON_BLOCKS = YES;
				GCC_WARN_64_TO_32_BIT_CONVERSION = YES;
				GCC_WARN_ABOUT_RETURN_TYPE = YES_ERROR;
				GCC_WARN_UNDECLARED_SELECTOR = YES;
				GCC_WARN_UNINITIALIZED_AUTOS = YES_AGGRESSIVE;
				GCC_WARN_UNUSED_FUNCTION = YES;
				GCC_WARN_UNUSED_VARIABLE = YES;
				IPHONEOS_DEPLOYMENT_TARGET = 13.1;
				MTL_ENABLE_DEBUG_INFO = NO;
				MTL_FAST_MATH = YES;
				SDKROOT = iphoneos;
				SWIFT_COMPILATION_MODE = wholemodule;
				SWIFT_OPTIMIZATION_LEVEL = "-O";
				VALIDATE_PRODUCT = YES;
			};
			name = Release;
		};
		B52703A0236B8E6600AD5455 /* Debug */ = {
			isa = XCBuildConfiguration;
			baseConfigurationReference = 2BA8413AB65968D16429BD07 /* Pods-Mail.debug.xcconfig */;
			buildSettings = {
				ASSETCATALOG_COMPILER_APPICON_NAME = AppIcon;
				CODE_SIGN_STYLE = Automatic;
				DEVELOPMENT_TEAM = C24TZYQTQV;
				INFOPLIST_FILE = Mail/Info.plist;
				IPHONEOS_DEPLOYMENT_TARGET = 13.0;
				LD_RUNPATH_SEARCH_PATHS = (
					"$(inherited)",
					"@executable_path/Frameworks",
				);
				PRODUCT_BUNDLE_IDENTIFIER = AK.Mail;
				PRODUCT_NAME = "$(TARGET_NAME)";
				SWIFT_OBJC_BRIDGING_HEADER = "Mail/Mail-Bridging-Header.h";
				SWIFT_VERSION = 5.0;
				TARGETED_DEVICE_FAMILY = "1,2";
			};
			name = Debug;
		};
		B52703A1236B8E6600AD5455 /* Release */ = {
			isa = XCBuildConfiguration;
			baseConfigurationReference = D12CEFC789673E6A38E5431C /* Pods-Mail.release.xcconfig */;
			buildSettings = {
				ASSETCATALOG_COMPILER_APPICON_NAME = AppIcon;
				CODE_SIGN_STYLE = Automatic;
				DEVELOPMENT_TEAM = C24TZYQTQV;
				INFOPLIST_FILE = Mail/Info.plist;
				IPHONEOS_DEPLOYMENT_TARGET = 13.0;
				LD_RUNPATH_SEARCH_PATHS = (
					"$(inherited)",
					"@executable_path/Frameworks",
				);
				PRODUCT_BUNDLE_IDENTIFIER = AK.Mail;
				PRODUCT_NAME = "$(TARGET_NAME)";
				SWIFT_OBJC_BRIDGING_HEADER = "Mail/Mail-Bridging-Header.h";
				SWIFT_VERSION = 5.0;
				TARGETED_DEVICE_FAMILY = "1,2";
			};
			name = Release;
		};
		B52703A3236B8E6600AD5455 /* Debug */ = {
			isa = XCBuildConfiguration;
			baseConfigurationReference = 0D5145035DAD4CB2CAD5F43C /* Pods-MailTests.debug.xcconfig */;
			buildSettings = {
				ALWAYS_EMBED_SWIFT_STANDARD_LIBRARIES = YES;
				BUNDLE_LOADER = "$(TEST_HOST)";
				CODE_SIGN_STYLE = Automatic;
				DEVELOPMENT_TEAM = C24TZYQTQV;
				INFOPLIST_FILE = MailTests/Info.plist;
				IPHONEOS_DEPLOYMENT_TARGET = 13.1;
				LD_RUNPATH_SEARCH_PATHS = (
					"$(inherited)",
					"@executable_path/Frameworks",
					"@loader_path/Frameworks",
				);
				PRODUCT_BUNDLE_IDENTIFIER = AK.MailTests;
				PRODUCT_NAME = "$(TARGET_NAME)";
				SWIFT_VERSION = 5.0;
				TARGETED_DEVICE_FAMILY = "1,2";
				TEST_HOST = "$(BUILT_PRODUCTS_DIR)/Mail.app/Mail";
			};
			name = Debug;
		};
		B52703A4236B8E6600AD5455 /* Release */ = {
			isa = XCBuildConfiguration;
			baseConfigurationReference = C7322D76A86771DFB3CE8D0A /* Pods-MailTests.release.xcconfig */;
			buildSettings = {
				ALWAYS_EMBED_SWIFT_STANDARD_LIBRARIES = YES;
				BUNDLE_LOADER = "$(TEST_HOST)";
				CODE_SIGN_STYLE = Automatic;
				DEVELOPMENT_TEAM = C24TZYQTQV;
				INFOPLIST_FILE = MailTests/Info.plist;
				IPHONEOS_DEPLOYMENT_TARGET = 13.1;
				LD_RUNPATH_SEARCH_PATHS = (
					"$(inherited)",
					"@executable_path/Frameworks",
					"@loader_path/Frameworks",
				);
				PRODUCT_BUNDLE_IDENTIFIER = AK.MailTests;
				PRODUCT_NAME = "$(TARGET_NAME)";
				SWIFT_VERSION = 5.0;
				TARGETED_DEVICE_FAMILY = "1,2";
				TEST_HOST = "$(BUILT_PRODUCTS_DIR)/Mail.app/Mail";
			};
			name = Release;
		};
		B52703A6236B8E6600AD5455 /* Debug */ = {
			isa = XCBuildConfiguration;
			baseConfigurationReference = FF218A711D9B36C57E5BFF7D /* Pods-Mail-MailUITests.debug.xcconfig */;
			buildSettings = {
				ALWAYS_EMBED_SWIFT_STANDARD_LIBRARIES = YES;
				CODE_SIGN_STYLE = Automatic;
				DEVELOPMENT_TEAM = C24TZYQTQV;
				INFOPLIST_FILE = MailUITests/Info.plist;
				LD_RUNPATH_SEARCH_PATHS = (
					"$(inherited)",
					"@executable_path/Frameworks",
					"@loader_path/Frameworks",
				);
				PRODUCT_BUNDLE_IDENTIFIER = AK.MailUITests;
				PRODUCT_NAME = "$(TARGET_NAME)";
				SWIFT_VERSION = 5.0;
				TARGETED_DEVICE_FAMILY = "1,2";
				TEST_TARGET_NAME = Mail;
			};
			name = Debug;
		};
		B52703A7236B8E6600AD5455 /* Release */ = {
			isa = XCBuildConfiguration;
			baseConfigurationReference = 9C83EAFE6BCD17FA481C493E /* Pods-Mail-MailUITests.release.xcconfig */;
			buildSettings = {
				ALWAYS_EMBED_SWIFT_STANDARD_LIBRARIES = YES;
				CODE_SIGN_STYLE = Automatic;
				DEVELOPMENT_TEAM = C24TZYQTQV;
				INFOPLIST_FILE = MailUITests/Info.plist;
				LD_RUNPATH_SEARCH_PATHS = (
					"$(inherited)",
					"@executable_path/Frameworks",
					"@loader_path/Frameworks",
				);
				PRODUCT_BUNDLE_IDENTIFIER = AK.MailUITests;
				PRODUCT_NAME = "$(TARGET_NAME)";
				SWIFT_VERSION = 5.0;
				TARGETED_DEVICE_FAMILY = "1,2";
				TEST_TARGET_NAME = Mail;
			};
			name = Release;
		};
/* End XCBuildConfiguration section */

/* Begin XCConfigurationList section */
		B527036D236B8E6400AD5455 /* Build configuration list for PBXProject "Mail" */ = {
			isa = XCConfigurationList;
			buildConfigurations = (
				B527039D236B8E6600AD5455 /* Debug */,
				B527039E236B8E6600AD5455 /* Release */,
			);
			defaultConfigurationIsVisible = 0;
			defaultConfigurationName = Release;
		};
		B527039F236B8E6600AD5455 /* Build configuration list for PBXNativeTarget "Mail" */ = {
			isa = XCConfigurationList;
			buildConfigurations = (
				B52703A0236B8E6600AD5455 /* Debug */,
				B52703A1236B8E6600AD5455 /* Release */,
			);
			defaultConfigurationIsVisible = 0;
			defaultConfigurationName = Release;
		};
		B52703A2236B8E6600AD5455 /* Build configuration list for PBXNativeTarget "MailTests" */ = {
			isa = XCConfigurationList;
			buildConfigurations = (
				B52703A3236B8E6600AD5455 /* Debug */,
				B52703A4236B8E6600AD5455 /* Release */,
			);
			defaultConfigurationIsVisible = 0;
			defaultConfigurationName = Release;
		};
		B52703A5236B8E6600AD5455 /* Build configuration list for PBXNativeTarget "MailUITests" */ = {
			isa = XCConfigurationList;
			buildConfigurations = (
				B52703A6236B8E6600AD5455 /* Debug */,
				B52703A7236B8E6600AD5455 /* Release */,
			);
			defaultConfigurationIsVisible = 0;
			defaultConfigurationName = Release;
		};
/* End XCConfigurationList section */

/* Begin XCVersionGroup section */
		B527037E236B8E6400AD5455 /* Mail.xcdatamodeld */ = {
			isa = XCVersionGroup;
			children = (
				B527037F236B8E6400AD5455 /* Mail.xcdatamodel */,
			);
			currentVersion = B527037F236B8E6400AD5455 /* Mail.xcdatamodel */;
			path = Mail.xcdatamodeld;
			sourceTree = "<group>";
			versionGroupType = wrapper.xcdatamodel;
		};
/* End XCVersionGroup section */
	};
	rootObject = B527036A236B8E6400AD5455 /* Project object */;
}
